# THIS IS AN AUTOGENERATED FILE. DO NOT EDIT THIS FILE DIRECTLY.
# yarn lockfile v1


"@babel/parser@^7.23.5":
  "integrity" "sha512-9uUYRm6OqQrCqQdG1iCBwBPZgN8ciDBro2nIOFaiRz1/BCxaI7CNvQbDHvsArAC7Tw9Hda/B3U+6ui9u4HWXPw=="
  "resolved" "https://registry.npmjs.org/@babel/parser/-/parser-7.24.7.tgz"
  "version" "7.24.7"

"@nuxt/opencollective@^0.3.2":
  "integrity" "sha512-6IKCd+gP0HliixqZT/p8nW3tucD6Sv/u/eR2A9X4rxT/6hXlMzA4GZQzq4d2qnBAwSwGpmKyzkyTjNjrhaA25A=="
  "resolved" "https://registry.npmjs.org/@nuxt/opencollective/-/opencollective-0.3.3.tgz"
  "version" "0.3.3"
  dependencies:
    "chalk" "^4.1.0"
    "consola" "^2.15.0"
    "node-fetch" "^2.6.7"

"@popperjs/core@^2.11.8":
  "integrity" "sha512-P1st0aksCrn9sGZhp8GMYwBnQsbvAWsZAX44oXNNvLHGqAOcoVxmjZiohstwQ7SqKnbR47akdNi+uleWD8+g6A=="
  "resolved" "https://registry.npmjs.org/@popperjs/core/-/core-2.11.8.tgz"
  "version" "2.11.8"

"@vue/compiler-sfc@2.7.16":
  "integrity" "sha512-KWhJ9k5nXuNtygPU7+t1rX6baZeqOYLEforUPjgNDBnLicfHCoi48H87Q8XyLZOrNNsmhuwKqtpDQWjEFe6Ekg=="
  "resolved" "https://registry.npmjs.org/@vue/compiler-sfc/-/compiler-sfc-2.7.16.tgz"
  "version" "2.7.16"
  dependencies:
    "@babel/parser" "^7.23.5"
    "postcss" "^8.4.14"
    "source-map" "^0.6.1"
  optionalDependencies:
    "prettier" "^1.18.2 || ^2.0.0"

"ansi-styles@^4.1.0":
  "integrity" "sha512-zbB9rCJAT1rbjiVDb2hqKFHNYLxgtk8NURxZ3IZwD3F6NtxbXZQCnnSi1Lkx+IDohdPlFp222wVALIheZJQSEg=="
  "resolved" "https://registry.npmjs.org/ansi-styles/-/ansi-styles-4.3.0.tgz"
  "version" "4.3.0"
  dependencies:
    "color-convert" "^2.0.1"

"bootstrap-vue@^2.23.1":
  "integrity" "sha512-SEWkG4LzmMuWjQdSYmAQk1G/oOKm37dtNfjB5kxq0YafnL2W6qUAmeDTcIZVbPiQd2OQlIkWOMPBRGySk/zGsg=="
  "resolved" "https://registry.npmjs.org/bootstrap-vue/-/bootstrap-vue-2.23.1.tgz"
  "version" "2.23.1"
  dependencies:
    "@nuxt/opencollective" "^0.3.2"
    "bootstrap" "^4.6.1"
    "popper.js" "^1.16.1"
    "portal-vue" "^2.1.7"
    "vue-functional-data-merge" "^3.1.0"

"bootstrap@^4.6.1":
  "integrity" "sha512-51Bbp/Uxr9aTuy6ca/8FbFloBUJZLHwnhTcnjIeRn2suQWsWzcuJhGjKDB5eppVte/8oCdOL3VuwxvZDUggwGQ=="
  "resolved" "https://registry.npmjs.org/bootstrap/-/bootstrap-4.6.2.tgz"
  "version" "4.6.2"

"bootstrap@^5.3.3":
  "integrity" "sha512-8HLCdWgyoMguSO9o+aH+iuZ+aht+mzW0u3HIMzVu7Srrpv7EBBxTnrFlSCskwdY1+EOFQSm7uMJhNQHkdPcmjg=="
  "resolved" "https://registry.npmjs.org/bootstrap/-/bootstrap-5.3.3.tgz"
  "version" "5.3.3"

"chalk@^4.1.0":
  "integrity" "sha512-oKnbhFyRIXpUuez8iBMmyEa4nbj4IOQyuhc/wy9kY7/WVPcwIO9VA668Pu8RkO7+0G76SLROeyw9CpQ061i4mA=="
  "resolved" "https://registry.npmjs.org/chalk/-/chalk-4.1.2.tgz"
  "version" "4.1.2"
  dependencies:
    "ansi-styles" "^4.1.0"
    "supports-color" "^7.1.0"

"color-convert@^2.0.1":
  "integrity" "sha512-RRECPsj7iu/xb5oKYcsFHSppFNnsj/52OVTRKb4zP5onXwVF3zVmmToNcOfGC+CRDpfK/U584fMg38ZHCaElKQ=="
  "resolved" "https://registry.npmjs.org/color-convert/-/color-convert-2.0.1.tgz"
  "version" "2.0.1"
  dependencies:
    "color-name" "~1.1.4"

"color-name@~1.1.4":
  "integrity" "sha512-dOy+3AuW3a2wNbZHIuMZpTcgjGuLU/uBL/ubcZF9OXbDo8ff4O8yVp5Bf0efS8uEoYo5q4Fx7dY9OgQGXgAsQA=="
  "resolved" "https://registry.npmjs.org/color-name/-/color-name-1.1.4.tgz"
  "version" "1.1.4"

"consola@^2.15.0":
  "integrity" "sha512-9vAdYbHj6x2fLKC4+oPH0kFzY/orMZyG2Aj+kNylHxKGJ/Ed4dpNyAQYwJOdqO4zdM7XpVHmyejQDcQHrnuXbw=="
  "resolved" "https://registry.npmjs.org/consola/-/consola-2.15.3.tgz"
  "version" "2.15.3"

"csstype@^3.1.0":
  "integrity" "sha512-M1uQkMl8rQK/szD0LNhtqxIPLpimGm8sOBwU7lLnCpSbTyY3yeU1Vc7l4KT5zT4s/yOxHH5O7tIuuLOCnLADRw=="
  "resolved" "https://registry.npmjs.org/csstype/-/csstype-3.1.3.tgz"
  "version" "3.1.3"

"has-flag@^4.0.0":
  "integrity" "sha512-EykJT/Q1KjTWctppgIAgfSO0tKVuZUjhgMr17kqTumMl6Afv3EISleU7qZUzoXDFTAHTDC4NOoG/ZxU3EvlMPQ=="
  "resolved" "https://registry.npmjs.org/has-flag/-/has-flag-4.0.0.tgz"
  "version" "4.0.0"

"jquery@1.9.1 - 3":
  "integrity" "sha512-m4avr8yL8kmFN8psrbFFFmB/If14iN5o9nw/NgnnM+kybDJpRsAynV2BsfpTYrTRysYUdADVD7CkUUizgkpLfg=="
  "resolved" "https://registry.npmjs.org/jquery/-/jquery-3.7.1.tgz"
  "version" "3.7.1"

"nanoid@^3.3.7":
  "integrity" "sha512-eSRppjcPIatRIMC1U6UngP8XFcz8MQWGQdt1MTBQ7NaAmvXDfvNxbvWV3x2y6CdEUciCSsDHDQZbhYaB8QEo2g=="
  "resolved" "https://registry.npmjs.org/nanoid/-/nanoid-3.3.7.tgz"
  "version" "3.3.7"

"node-fetch@^2.6.7":
  "integrity" "sha512-c4FRfUm/dbcWZ7U+1Wq0AwCyFL+3nt2bEw05wfxSz+DWpWsitgmSgYmy2dQdWyKC1694ELPqMs/YzUSNozLt8A=="
  "resolved" "https://registry.npmjs.org/node-fetch/-/node-fetch-2.7.0.tgz"
  "version" "2.7.0"
  dependencies:
    "whatwg-url" "^5.0.0"

"picocolors@^1.0.1":
  "integrity" "sha512-anP1Z8qwhkbmu7MFP5iTt+wQKXgwzf7zTyGlcdzabySa9vd0Xt392U0rVmz9poOaBj0uHJKyyo9/upk0HrEQew=="
  "resolved" "https://registry.npmjs.org/picocolors/-/picocolors-1.0.1.tgz"
  "version" "1.0.1"

"popper.js@^1.16.1":
  "integrity" "sha512-Wb4p1J4zyFTbM+u6WuO4XstYx4Ky9Cewe4DWrel7B0w6VVICvPwdOpotjzcf6eD8TsckVnIMNONQyPIUFOUbCQ=="
  "resolved" "https://registry.npmjs.org/popper.js/-/popper.js-1.16.1.tgz"
  "version" "1.16.1"

"portal-vue@^2.1.7":
  "integrity" "sha512-+yCno2oB3xA7irTt0EU5Ezw22L2J51uKAacE/6hMPMoO/mx3h4rXFkkBkT4GFsMDv/vEe8TNKC3ujJJ0PTwb6g=="
  "resolved" "https://registry.npmjs.org/portal-vue/-/portal-vue-2.1.7.tgz"
  "version" "2.1.7"

"postcss@^8.4.14":
  "integrity" "sha512-0vzE+lAiG7hZl1/9I8yzKLx3aR9Xbof3fBHKunvMfOCYAtMhrsnccJY2iTURb9EZd5+pLuiNV9/c/GZJOHsgIw=="
  "resolved" "https://registry.npmjs.org/postcss/-/postcss-8.4.39.tgz"
  "version" "8.4.39"
  dependencies:
    "nanoid" "^3.3.7"
    "picocolors" "^1.0.1"
    "source-map-js" "^1.2.0"

"prettier@^1.18.2 || ^2.0.0":
  "integrity" "sha512-tdN8qQGvNjw4CHbY+XXk0JgCXn9QiF21a55rBe5LJAU+kDyC4WQn4+awm2Xfk2lQMk5fKup9XgzTZtGkjBdP9Q=="
  "resolved" "https://registry.npmjs.org/prettier/-/prettier-2.8.8.tgz"
  "version" "2.8.8"

"source-map-js@^1.2.0":
  "integrity" "sha512-itJW8lvSA0TXEphiRoawsCksnlf8SyvmFzIhltqAHluXd88pkCd+cXJVHTDwdCr0IzwptSm035IHQktUu1QUMg=="
  "resolved" "https://registry.npmjs.org/source-map-js/-/source-map-js-1.2.0.tgz"
  "version" "1.2.0"

"source-map@^0.6.1":
  "integrity" "sha512-UjgapumWlbMhkBgzT7Ykc5YXUT46F0iKu8SGXq0bcwP5dz/h0Plj6enJqjz1Zbq2l5WaqYnrVbwWOWMyF3F47g=="
  "resolved" "https://registry.npmjs.org/source-map/-/source-map-0.6.1.tgz"
  "version" "0.6.1"

"supports-color@^7.1.0":
  "integrity" "sha512-qpCAvRl9stuOHveKsn7HncJRvv501qIacKzQlO/+Lwxc9+0q2wLyv4Dfvt80/DPn2pqOBsJdDiogXGR9+OvwRw=="
  "resolved" "https://registry.npmjs.org/supports-color/-/supports-color-7.2.0.tgz"
  "version" "7.2.0"
  dependencies:
    "has-flag" "^4.0.0"

"tr46@~0.0.3":
  "integrity" "sha512-N3WMsuqV66lT30CrXNbEjx4GEwlow3v6rr4mCcv6prnfwhS01rkgyFdjPNBYd9br7LpXV1+Emh01fHnq2Gdgrw=="
  "resolved" "https://registry.npmjs.org/tr46/-/tr46-0.0.3.tgz"
  "version" "0.0.3"

"vue-functional-data-merge@^3.1.0":
  "integrity" "sha512-leT4kdJVQyeZNY1kmnS1xiUlQ9z1B/kdBFCILIjYYQDqZgLqCLa0UhjSSeRX6c3mUe6U5qYeM8LrEqkHJ1B4LA=="
  "resolved" "https://registry.npmjs.org/vue-functional-data-merge/-/vue-functional-data-merge-3.1.0.tgz"
  "version" "3.1.0"

"vue@^2.5.18", "vue@^2.7.16":
  "integrity" "sha512-4gCtFXaAA3zYZdTp5s4Hl2sozuySsgz4jy1EnpBHNfpMa9dK1ZCG7viqBPCwXtmgc8nHqUsAu3G4gtmXkkY3Sw=="
  "resolved" "https://registry.npmjs.org/vue/-/vue-2.7.16.tgz"
  "version" "2.7.16"
  dependencies:
    "@vue/compiler-sfc" "2.7.16"
    "csstype" "^3.1.0"

"webidl-conversions@^3.0.0":
  "integrity" "sha512-2JAn3z8AR6rjK8Sm8orRC0h/bcl/DqL7tRPdGZ4I1CjdF+EaMLmYxBHyXuKL849eucPFhvBoxMsflfOb8kxaeQ=="
  "resolved" "https://registry.npmjs.org/webidl-conversions/-/webidl-conversions-3.0.1.tgz"
  "version" "3.0.1"

"whatwg-url@^5.0.0":
  "integrity" "sha512-saE57nupxk6v3HY35+jzBwYa0rKSy0XR8JSxZPwgLr7ys0IBzhGviA1/TUGJLmSVqs8pb9AnvICXEuOHLprYTw=="
  "resolved" "https://registry.npmjs.org/whatwg-url/-/whatwg-url-5.0.0.tgz"
  "version" "5.0.0"
  dependencies:
    "tr46" "~0.0.3"
    "webidl-conversions" "^3.0.0"
