# THIS IS AN AUTOGENERATED FILE. DO NOT EDIT THIS FILE DIRECTLY.
# yarn lockfile v1


typed.js@^2.1.0:
  version "2.1.0"
  resolved "https://registry.yarnpkg.com/typed.js/-/typed.js-2.1.0.tgz#b97a06111a5f57d6a59acfdd36d4f9b891ee13b4"
  integrity sha512-bDuXEf7YcaKN4g08NMTUM6G90XU25CK3bh6U0THC/Mod/QPKlEt9g/EjvbYB8x2Qwr2p6J6I3NrsoYaVnY6wsQ==
